
Microsoft Visual Studio Solution File, Format Version 12.00
# Visual Studio 15
VisualStudioVersion = 15.0.27703.2042
MinimumVisualStudioVersion = 10.0.40219.1
Project("{FAE04EC0-301F-11D3-BF4B-00C04F79EFBC}") = "ReturnByReference", "ReturnByReference\ReturnByReference.csproj", "{E58A2A66-B909-4059-B3DF-0F0852015A1C}"
EndProject
Global
	GlobalSection(SolutionConfigurationPlatforms) = preSolution
		Debug|Any CPU = Debug|Any CPU
		Release|Any CPU = Release|Any CPU
	EndGlobalSection
	GlobalSection(ProjectConfigurationPlatforms) = postSolution
		{E58A2A66-B909-4059-B3DF-0F0852015A1C}.Debug|Any CPU.ActiveCfg = Debug|Any CPU
		{E58A2A66-B909-4059-B3DF-0F0852015A1C}.Debug|Any CPU.Build.0 = Debug|Any CPU
		{E58A2A66-B909-4059-B3DF-0F0852015A1C}.Release|Any CPU.ActiveCfg = Release|Any CPU
		{E58A2A66-B909-4059-B3DF-0F0852015A1C}.Release|Any CPU.Build.0 = Release|Any CPU
	EndGlobalSection
	GlobalSection(SolutionProperties) = preSolution
		HideSolutionNode = FALSE
	EndGlobalSection
	GlobalSection(ExtensibilityGlobals) = postSolution
		SolutionGuid = {88C858C7-8C6F-42E2-A6DA-8C9DCFBCC325}
	EndGlobalSection
EndGlobal
