
Microsoft Visual Studio Solution File, Format Version 12.00
# Visual Studio 15
VisualStudioVersion = 15.0.28010.2041
MinimumVisualStudioVersion = 10.0.40219.1
Project("{FAE04EC0-301F-11D3-BF4B-00C04F79EFBC}") = "NewTuples", "NewTuples\NewTuples.csproj", "{DBD5E2B1-2922-4016-BF96-CD6B4A1C613A}"
EndProject
Global
	GlobalSection(SolutionConfigurationPlatforms) = preSolution
		Debug|Any CPU = Debug|Any CPU
		Release|Any CPU = Release|Any CPU
	EndGlobalSection
	GlobalSection(ProjectConfigurationPlatforms) = postSolution
		{DBD5E2B1-2922-4016-BF96-CD6B4A1C613A}.Debug|Any CPU.ActiveCfg = Debug|Any CPU
		{DBD5E2B1-2922-4016-BF96-CD6B4A1C613A}.Debug|Any CPU.Build.0 = Debug|Any CPU
		{DBD5E2B1-2922-4016-BF96-CD6B4A1C613A}.Release|Any CPU.ActiveCfg = Release|Any CPU
		{DBD5E2B1-2922-4016-BF96-CD6B4A1C613A}.Release|Any CPU.Build.0 = Release|Any CPU
	EndGlobalSection
	GlobalSection(SolutionProperties) = preSolution
		HideSolutionNode = FALSE
	EndGlobalSection
	GlobalSection(ExtensibilityGlobals) = postSolution
		SolutionGuid = {FF503654-B994-4D0F-B7C3-677E89D7102D}
	EndGlobalSection
EndGlobal
