
Microsoft Visual Studio Solution File, Format Version 12.00
# Visual Studio 15
VisualStudioVersion = 15.0.27703.2042
MinimumVisualStudioVersion = 10.0.40219.1
Project("{FAE04EC0-301F-11D3-BF4B-00C04F79EFBC}") = "UsingLiterals", "UsingLiterals\UsingLiterals.csproj", "{7326982E-E908-4821-B2DA-66EFE7C6290D}"
EndProject
Global
	GlobalSection(SolutionConfigurationPlatforms) = preSolution
		Debug|Any CPU = Debug|Any CPU
		Release|Any CPU = Release|Any CPU
	EndGlobalSection
	GlobalSection(ProjectConfigurationPlatforms) = postSolution
		{7326982E-E908-4821-B2DA-66EFE7C6290D}.Debug|Any CPU.ActiveCfg = Debug|Any CPU
		{7326982E-E908-4821-B2DA-66EFE7C6290D}.Debug|Any CPU.Build.0 = Debug|Any CPU
		{7326982E-E908-4821-B2DA-66EFE7C6290D}.Release|Any CPU.ActiveCfg = Release|Any CPU
		{7326982E-E908-4821-B2DA-66EFE7C6290D}.Release|Any CPU.Build.0 = Release|Any CPU
	EndGlobalSection
	GlobalSection(SolutionProperties) = preSolution
		HideSolutionNode = FALSE
	EndGlobalSection
	GlobalSection(ExtensibilityGlobals) = postSolution
		SolutionGuid = {BF4FB5AD-FD7D-41BB-B4C8-79924695BCD9}
	EndGlobalSection
EndGlobal
