
Microsoft Visual Studio Solution File, Format Version 12.00
# Visual Studio 15
VisualStudioVersion = 15.0.28010.2016
MinimumVisualStudioVersion = 10.0.40219.1
Project("{FAE04EC0-301F-11D3-BF4B-00C04F79EFBC}") = "PatternMatching", "PatternMatching\PatternMatching.csproj", "{564D4B8D-7A30-4C44-9663-3EEE3920B904}"
EndProject
Global
	GlobalSection(SolutionConfigurationPlatforms) = preSolution
		Debug|Any CPU = Debug|Any CPU
		Release|Any CPU = Release|Any CPU
	EndGlobalSection
	GlobalSection(ProjectConfigurationPlatforms) = postSolution
		{564D4B8D-7A30-4C44-9663-3EEE3920B904}.Debug|Any CPU.ActiveCfg = Debug|Any CPU
		{564D4B8D-7A30-4C44-9663-3EEE3920B904}.Debug|Any CPU.Build.0 = Debug|Any CPU
		{564D4B8D-7A30-4C44-9663-3EEE3920B904}.Release|Any CPU.ActiveCfg = Release|Any CPU
		{564D4B8D-7A30-4C44-9663-3EEE3920B904}.Release|Any CPU.Build.0 = Release|Any CPU
	EndGlobalSection
	GlobalSection(SolutionProperties) = preSolution
		HideSolutionNode = FALSE
	EndGlobalSection
	GlobalSection(ExtensibilityGlobals) = postSolution
		SolutionGuid = {476F5E62-874E-4DB0-B688-DCE1DF3ABF15}
	EndGlobalSection
EndGlobal
